
Microsoft Visual Studio Solution File, Format Version 12.00
# Visual Studio Version 17
VisualStudioVersion = 17.14.36109.1
MinimumVisualStudioVersion = 10.0.40219.1
Project("{2150E333-8FDC-42A3-9474-1A3956D46DE8}") = "Services", "Services", "{02EA681E-C7D8-13C7-8484-4AC65E1B71E8}"
EndProject
Project("{2150E333-8FDC-42A3-9474-1A3956D46DE8}") = "Catalog", "Catalog", "{CCE61E0B-F804-477C-9244-1BC680060985}"
EndProject
Project("{FAE04EC0-301F-11D3-BF4B-00C04F79EFBC}") = "MultiShop.Catalog", "Services\Catalog\MultiShop.Catalog\MultiShop.Catalog.csproj", "{6F17CE80-76FF-4870-BED7-867CA980E6DF}"
EndProject
Project("{2150E333-8FDC-42A3-9474-1A3956D46DE8}") = "Discount", "Discount", "{CAFA986B-7A7B-4B80-8F2E-2589CE97DADE}"
EndProject
Project("{FAE04EC0-301F-11D3-BF4B-00C04F79EFBC}") = "MultiShop.Discount", "Services\Discount\MultiShop.Discount\MultiShop.Discount.csproj", "{E2BD72C7-9D59-4B05-BC50-295EB986B577}"
EndProject
Project("{2150E333-8FDC-42A3-9474-1A3956D46DE8}") = "Order", "Order", "{67ED4DA5-D957-43AA-A817-37F1A0E30DA7}"
EndProject
Project("{2150E333-8FDC-42A3-9474-1A3956D46DE8}") = "Core", "Core", "{F0291F9D-6DB0-4B5D-ACBE-1DE3E3F947EA}"
EndProject
Project("{2150E333-8FDC-42A3-9474-1A3956D46DE8}") = "Presentation", "Presentation", "{4201853B-FC44-4913-9F64-7F39EB2696A5}"
EndProject
Project("{2150E333-8FDC-42A3-9474-1A3956D46DE8}") = "Infrastructure", "Infrastructure", "{2EF51FE4-57C5-4AD0-B0BF-67E6C6E8087F}"
EndProject
Project("{FAE04EC0-301F-11D3-BF4B-00C04F79EFBC}") = "MultiShop.Order.Domain", "Services\Order\Core\MultiShop.Order.Domain\MultiShop.Order.Domain.csproj", "{E3CD2599-42DA-4B2B-A6BD-8EFDA6B34C19}"
EndProject
Project("{FAE04EC0-301F-11D3-BF4B-00C04F79EFBC}") = "MultiShop.Order.Application", "Services\Order\Core\MultiShop.Order.Application\MultiShop.Order.Application.csproj", "{C5BBE41C-135D-4A57-940E-166BB777C7B9}"
EndProject
Project("{FAE04EC0-301F-11D3-BF4B-00C04F79EFBC}") = "MultiShop.Order.Persistence", "Services\Order\Infrastructure\MultiShop.Order.Persistence\MultiShop.Order.Persistence.csproj", "{C253E123-FEA1-4176-B167-15E3B4ADE685}"
EndProject
Project("{FAE04EC0-301F-11D3-BF4B-00C04F79EFBC}") = "MultiShop.Order.WebApi", "Services\Order\Presentation\MultiShop.Order.WebApi\MultiShop.Order.WebApi.csproj", "{C95C2D3F-E8A6-418C-B941-C81A2254C96A}"
EndProject
Global
	GlobalSection(SolutionConfigurationPlatforms) = preSolution
		Debug|Any CPU = Debug|Any CPU
		Release|Any CPU = Release|Any CPU
	EndGlobalSection
	GlobalSection(ProjectConfigurationPlatforms) = postSolution
		{6F17CE80-76FF-4870-BED7-867CA980E6DF}.Debug|Any CPU.ActiveCfg = Debug|Any CPU
		{6F17CE80-76FF-4870-BED7-867CA980E6DF}.Debug|Any CPU.Build.0 = Debug|Any CPU
		{6F17CE80-76FF-4870-BED7-867CA980E6DF}.Release|Any CPU.ActiveCfg = Release|Any CPU
		{6F17CE80-76FF-4870-BED7-867CA980E6DF}.Release|Any CPU.Build.0 = Release|Any CPU
		{E2BD72C7-9D59-4B05-BC50-295EB986B577}.Debug|Any CPU.ActiveCfg = Debug|Any CPU
		{E2BD72C7-9D59-4B05-BC50-295EB986B577}.Debug|Any CPU.Build.0 = Debug|Any CPU
		{E2BD72C7-9D59-4B05-BC50-295EB986B577}.Release|Any CPU.ActiveCfg = Release|Any CPU
		{E2BD72C7-9D59-4B05-BC50-295EB986B577}.Release|Any CPU.Build.0 = Release|Any CPU
		{E3CD2599-42DA-4B2B-A6BD-8EFDA6B34C19}.Debug|Any CPU.ActiveCfg = Debug|Any CPU
		{E3CD2599-42DA-4B2B-A6BD-8EFDA6B34C19}.Debug|Any CPU.Build.0 = Debug|Any CPU
		{E3CD2599-42DA-4B2B-A6BD-8EFDA6B34C19}.Release|Any CPU.ActiveCfg = Release|Any CPU
		{E3CD2599-42DA-4B2B-A6BD-8EFDA6B34C19}.Release|Any CPU.Build.0 = Release|Any CPU
		{C5BBE41C-135D-4A57-940E-166BB777C7B9}.Debug|Any CPU.ActiveCfg = Debug|Any CPU
		{C5BBE41C-135D-4A57-940E-166BB777C7B9}.Debug|Any CPU.Build.0 = Debug|Any CPU
		{C5BBE41C-135D-4A57-940E-166BB777C7B9}.Release|Any CPU.ActiveCfg = Release|Any CPU
		{C5BBE41C-135D-4A57-940E-166BB777C7B9}.Release|Any CPU.Build.0 = Release|Any CPU
		{C253E123-FEA1-4176-B167-15E3B4ADE685}.Debug|Any CPU.ActiveCfg = Debug|Any CPU
		{C253E123-FEA1-4176-B167-15E3B4ADE685}.Debug|Any CPU.Build.0 = Debug|Any CPU
		{C253E123-FEA1-4176-B167-15E3B4ADE685}.Release|Any CPU.ActiveCfg = Release|Any CPU
		{C253E123-FEA1-4176-B167-15E3B4ADE685}.Release|Any CPU.Build.0 = Release|Any CPU
		{C95C2D3F-E8A6-418C-B941-C81A2254C96A}.Debug|Any CPU.ActiveCfg = Debug|Any CPU
		{C95C2D3F-E8A6-418C-B941-C81A2254C96A}.Debug|Any CPU.Build.0 = Debug|Any CPU
		{C95C2D3F-E8A6-418C-B941-C81A2254C96A}.Release|Any CPU.ActiveCfg = Release|Any CPU
		{C95C2D3F-E8A6-418C-B941-C81A2254C96A}.Release|Any CPU.Build.0 = Release|Any CPU
	EndGlobalSection
	GlobalSection(SolutionProperties) = preSolution
		HideSolutionNode = FALSE
	EndGlobalSection
	GlobalSection(NestedProjects) = preSolution
		{CCE61E0B-F804-477C-9244-1BC680060985} = {02EA681E-C7D8-13C7-8484-4AC65E1B71E8}
		{6F17CE80-76FF-4870-BED7-867CA980E6DF} = {CCE61E0B-F804-477C-9244-1BC680060985}
		{CAFA986B-7A7B-4B80-8F2E-2589CE97DADE} = {02EA681E-C7D8-13C7-8484-4AC65E1B71E8}
		{E2BD72C7-9D59-4B05-BC50-295EB986B577} = {CAFA986B-7A7B-4B80-8F2E-2589CE97DADE}
		{67ED4DA5-D957-43AA-A817-37F1A0E30DA7} = {02EA681E-C7D8-13C7-8484-4AC65E1B71E8}
		{F0291F9D-6DB0-4B5D-ACBE-1DE3E3F947EA} = {67ED4DA5-D957-43AA-A817-37F1A0E30DA7}
		{4201853B-FC44-4913-9F64-7F39EB2696A5} = {67ED4DA5-D957-43AA-A817-37F1A0E30DA7}
		{2EF51FE4-57C5-4AD0-B0BF-67E6C6E8087F} = {67ED4DA5-D957-43AA-A817-37F1A0E30DA7}
		{E3CD2599-42DA-4B2B-A6BD-8EFDA6B34C19} = {F0291F9D-6DB0-4B5D-ACBE-1DE3E3F947EA}
		{C5BBE41C-135D-4A57-940E-166BB777C7B9} = {F0291F9D-6DB0-4B5D-ACBE-1DE3E3F947EA}
		{C253E123-FEA1-4176-B167-15E3B4ADE685} = {2EF51FE4-57C5-4AD0-B0BF-67E6C6E8087F}
		{C95C2D3F-E8A6-418C-B941-C81A2254C96A} = {4201853B-FC44-4913-9F64-7F39EB2696A5}
	EndGlobalSection
	GlobalSection(ExtensibilityGlobals) = postSolution
		SolutionGuid = {99D178E4-9490-4BA6-88A9-098C859E9996}
	EndGlobalSection
EndGlobal
